
Microsoft Visual Studio Solution File, Format Version 12.00
# Visual Studio Version 17
VisualStudioVersion = 17.8.34316.72
MinimumVisualStudioVersion = 10.0.40219.1
Project("{9A19103F-16F7-4668-BE54-9A1E7A4F7556}") = "Day1", "Day1\Day1.csproj", "{AA08F075-3E0A-437B-BCD9-935EA93E7C53}"
EndProject
Project("{9A19103F-16F7-4668-BE54-9A1E7A4F7556}") = "Day2", "Day2\Day2.csproj", "{A0F7E192-13FE-472B-BF64-72F8CA0C8972}"
EndProject
Project("{9A19103F-16F7-4668-BE54-9A1E7A4F7556}") = "Day3", "Day3\Day3.csproj", "{C94EF5B0-3349-44C1-9CAE-4F43AB4D1E60}"
EndProject
Project("{9A19103F-16F7-4668-BE54-9A1E7A4F7556}") = "Day4", "Day4\Day4.csproj", "{FA9B6D20-6B94-4D04-9D3E-DABC87574563}"
EndProject
Project("{FAE04EC0-301F-11D3-BF4B-00C04F79EFBC}") = "Day5", "Day5\Day5.csproj", "{231CD399-5EA3-4949-9298-6FEC1E5E0BB0}"
EndProject
Project("{FAE04EC0-301F-11D3-BF4B-00C04F79EFBC}") = "Day6", "Day6\Day6.csproj", "{0F51541F-C5B8-4358-A547-95A2C8FD2B50}"
EndProject
Global
	GlobalSection(SolutionConfigurationPlatforms) = preSolution
		Debug|Any CPU = Debug|Any CPU
		Release|Any CPU = Release|Any CPU
	EndGlobalSection
	GlobalSection(ProjectConfigurationPlatforms) = postSolution
		{AA08F075-3E0A-437B-BCD9-935EA93E7C53}.Debug|Any CPU.ActiveCfg = Debug|Any CPU
		{AA08F075-3E0A-437B-BCD9-935EA93E7C53}.Debug|Any CPU.Build.0 = Debug|Any CPU
		{AA08F075-3E0A-437B-BCD9-935EA93E7C53}.Release|Any CPU.ActiveCfg = Release|Any CPU
		{AA08F075-3E0A-437B-BCD9-935EA93E7C53}.Release|Any CPU.Build.0 = Release|Any CPU
		{A0F7E192-13FE-472B-BF64-72F8CA0C8972}.Debug|Any CPU.ActiveCfg = Debug|Any CPU
		{A0F7E192-13FE-472B-BF64-72F8CA0C8972}.Debug|Any CPU.Build.0 = Debug|Any CPU
		{A0F7E192-13FE-472B-BF64-72F8CA0C8972}.Release|Any CPU.ActiveCfg = Release|Any CPU
		{A0F7E192-13FE-472B-BF64-72F8CA0C8972}.Release|Any CPU.Build.0 = Release|Any CPU
		{C94EF5B0-3349-44C1-9CAE-4F43AB4D1E60}.Debug|Any CPU.ActiveCfg = Debug|Any CPU
		{C94EF5B0-3349-44C1-9CAE-4F43AB4D1E60}.Debug|Any CPU.Build.0 = Debug|Any CPU
		{C94EF5B0-3349-44C1-9CAE-4F43AB4D1E60}.Release|Any CPU.ActiveCfg = Release|Any CPU
		{C94EF5B0-3349-44C1-9CAE-4F43AB4D1E60}.Release|Any CPU.Build.0 = Release|Any CPU
		{FA9B6D20-6B94-4D04-9D3E-DABC87574563}.Debug|Any CPU.ActiveCfg = Debug|Any CPU
		{FA9B6D20-6B94-4D04-9D3E-DABC87574563}.Debug|Any CPU.Build.0 = Debug|Any CPU
		{FA9B6D20-6B94-4D04-9D3E-DABC87574563}.Release|Any CPU.ActiveCfg = Release|Any CPU
		{FA9B6D20-6B94-4D04-9D3E-DABC87574563}.Release|Any CPU.Build.0 = Release|Any CPU
		{231CD399-5EA3-4949-9298-6FEC1E5E0BB0}.Debug|Any CPU.ActiveCfg = Debug|Any CPU
		{231CD399-5EA3-4949-9298-6FEC1E5E0BB0}.Debug|Any CPU.Build.0 = Debug|Any CPU
		{231CD399-5EA3-4949-9298-6FEC1E5E0BB0}.Release|Any CPU.ActiveCfg = Release|Any CPU
		{231CD399-5EA3-4949-9298-6FEC1E5E0BB0}.Release|Any CPU.Build.0 = Release|Any CPU
		{0F51541F-C5B8-4358-A547-95A2C8FD2B50}.Debug|Any CPU.ActiveCfg = Debug|Any CPU
		{0F51541F-C5B8-4358-A547-95A2C8FD2B50}.Debug|Any CPU.Build.0 = Debug|Any CPU
		{0F51541F-C5B8-4358-A547-95A2C8FD2B50}.Release|Any CPU.ActiveCfg = Release|Any CPU
		{0F51541F-C5B8-4358-A547-95A2C8FD2B50}.Release|Any CPU.Build.0 = Release|Any CPU
	EndGlobalSection
	GlobalSection(SolutionProperties) = preSolution
		HideSolutionNode = FALSE
	EndGlobalSection
	GlobalSection(ExtensibilityGlobals) = postSolution
		SolutionGuid = {94852A1A-408D-4881-A3E6-9311F55087D5}
	EndGlobalSection
EndGlobal
